// !$*UTF8*$!
{
	archiveVersion = 1;
	classes = {
	};
	objectVersion = 56;
	objects = {

/* Begin PBXBuildFile section */
		3F7982762969BA7C00AF6702 /* AppDelegate.swift in Sources */ = {isa = PBXBuildFile; fileRef = 3F7982752969BA7C00AF6702 /* AppDelegate.swift */; };
		3F7982782969BA7C00AF6702 /* SceneDelegate.swift in Sources */ = {isa = PBXBuildFile; fileRef = 3F7982772969BA7C00AF6702 /* SceneDelegate.swift */; };
		3F7982802969BA7C00AF6702 /* Project.xcdatamodeld in Sources */ = {isa = PBXBuildFile; fileRef = 3F79827E2969BA7C00AF6702 /* Project.xcdatamodeld */; };
		3F7982822969BA7D00AF6702 /* Assets.xcassets in Resources */ = {isa = PBXBuildFile; fileRef = 3F7982812969BA7D00AF6702 /* Assets.xcassets */; };
		3F996C6929F147DA00B7BFE2 /* UIView.swift in Sources */ = {isa = PBXBuildFile; fileRef = 3F996C6829F147DA00B7BFE2 /* UIView.swift */; };
		3F996C6B29F147EE00B7BFE2 /* PictureView.swift in Sources */ = {isa = PBXBuildFile; fileRef = 3F996C6A29F147EE00B7BFE2 /* PictureView.swift */; };
		3F996C6D29F147FE00B7BFE2 /* MapView.swift in Sources */ = {isa = PBXBuildFile; fileRef = 3F996C6C29F147FE00B7BFE2 /* MapView.swift */; };
		3F996C6F29F1484E00B7BFE2 /* GameLogics.swift in Sources */ = {isa = PBXBuildFile; fileRef = 3F996C6E29F1484E00B7BFE2 /* GameLogics.swift */; };
		3F996C7229F148A100B7BFE2 /* Level.swift in Sources */ = {isa = PBXBuildFile; fileRef = 3F996C7129F148A100B7BFE2 /* Level.swift */; };
		3F996C7629F148E000B7BFE2 /* Action.swift in Sources */ = {isa = PBXBuildFile; fileRef = 3F996C7529F148E000B7BFE2 /* Action.swift */; };
		3F996C7B29F14A5000B7BFE2 /* TileObserver.swift in Sources */ = {isa = PBXBuildFile; fileRef = 3F996C7A29F14A5000B7BFE2 /* TileObserver.swift */; };
		3F996C7D29F14D7700B7BFE2 /* ActionLocation.swift in Sources */ = {isa = PBXBuildFile; fileRef = 3F996C7C29F14D7700B7BFE2 /* ActionLocation.swift */; };
		3F996C7F29F1525400B7BFE2 /* BoardTile.swift in Sources */ = {isa = PBXBuildFile; fileRef = 3F996C7E29F1525400B7BFE2 /* BoardTile.swift */; };
		3F996C8129F154BF00B7BFE2 /* Room.swift in Sources */ = {isa = PBXBuildFile; fileRef = 3F996C8029F154BF00B7BFE2 /* Room.swift */; };
		3F996C8329F1580E00B7BFE2 /* LogicProperties.swift in Sources */ = {isa = PBXBuildFile; fileRef = 3F996C8229F1580E00B7BFE2 /* LogicProperties.swift */; };
		D317C079A7B08B69D4589732 /* Player.swift in Sources */ = {isa = PBXBuildFile; fileRef = D317C018DFDDB296EF5B6420 /* Player.swift */; };
		D317C0E264A6FCF9D73A8746 /* UIView_Pin.swift in Sources */ = {isa = PBXBuildFile; fileRef = D317C5BCAE72D820973EF23A /* UIView_Pin.swift */; };
		D317C31483BB4A3B9CA12821 /* Board.swift in Sources */ = {isa = PBXBuildFile; fileRef = D317C1EFE91BAB35C62198F7 /* Board.swift */; };
		D317C57D1F96F51200B66D97 /* Interactions.swift in Sources */ = {isa = PBXBuildFile; fileRef = D317CD69557AC2459ED5350D /* Interactions.swift */; };
		D317CBF2683F2D2DB521D970 /* Coordinate.swift in Sources */ = {isa = PBXBuildFile; fileRef = D317CE551F0FE2E36045CEB8 /* Coordinate.swift */; };
		D317CE373725AD0811E5D779 /* ViewController.swift in Sources */ = {isa = PBXBuildFile; fileRef = D317C048D4E8765C428C38FB /* ViewController.swift */; };
		D317CFA2493B9DE54322688C /* Direction.swift in Sources */ = {isa = PBXBuildFile; fileRef = D317CA704F3E858E9ED13F2E /* Direction.swift */; };
/* End PBXBuildFile section */

/* Begin PBXFileReference section */
		3F7982722969BA7C00AF6702 /* Project.app */ = {isa = PBXFileReference; explicitFileType = wrapper.application; includeInIndex = 0; path = Project.app; sourceTree = BUILT_PRODUCTS_DIR; };
		3F7982752969BA7C00AF6702 /* AppDelegate.swift */ = {isa = PBXFileReference; lastKnownFileType = sourcecode.swift; path = AppDelegate.swift; sourceTree = "<group>"; };
		3F7982772969BA7C00AF6702 /* SceneDelegate.swift */ = {isa = PBXFileReference; lastKnownFileType = sourcecode.swift; path = SceneDelegate.swift; sourceTree = "<group>"; };
		3F79827F2969BA7C00AF6702 /* Project.xcdatamodel */ = {isa = PBXFileReference; lastKnownFileType = wrapper.xcdatamodel; path = Project.xcdatamodel; sourceTree = "<group>"; };
		3F7982812969BA7D00AF6702 /* Assets.xcassets */ = {isa = PBXFileReference; lastKnownFileType = folder.assetcatalog; path = Assets.xcassets; sourceTree = "<group>"; };
		3F7982862969BA7D00AF6702 /* Info.plist */ = {isa = PBXFileReference; lastKnownFileType = text.plist.xml; path = Info.plist; sourceTree = "<group>"; };
		3F996C6829F147DA00B7BFE2 /* UIView.swift */ = {isa = PBXFileReference; lastKnownFileType = sourcecode.swift; path = UIView.swift; sourceTree = "<group>"; };
		3F996C6A29F147EE00B7BFE2 /* PictureView.swift */ = {isa = PBXFileReference; lastKnownFileType = sourcecode.swift; path = PictureView.swift; sourceTree = "<group>"; };
		3F996C6C29F147FE00B7BFE2 /* MapView.swift */ = {isa = PBXFileReference; lastKnownFileType = sourcecode.swift; path = MapView.swift; sourceTree = "<group>"; };
		3F996C6E29F1484E00B7BFE2 /* GameLogics.swift */ = {isa = PBXFileReference; lastKnownFileType = sourcecode.swift; path = GameLogics.swift; sourceTree = "<group>"; };
		3F996C7129F148A100B7BFE2 /* Level.swift */ = {isa = PBXFileReference; lastKnownFileType = sourcecode.swift; path = Level.swift; sourceTree = "<group>"; };
		3F996C7529F148E000B7BFE2 /* Action.swift */ = {isa = PBXFileReference; lastKnownFileType = sourcecode.swift; path = Action.swift; sourceTree = "<group>"; };
		3F996C7A29F14A5000B7BFE2 /* TileObserver.swift */ = {isa = PBXFileReference; lastKnownFileType = sourcecode.swift; path = TileObserver.swift; sourceTree = "<group>"; };
		3F996C7C29F14D7700B7BFE2 /* ActionLocation.swift */ = {isa = PBXFileReference; lastKnownFileType = sourcecode.swift; path = ActionLocation.swift; sourceTree = "<group>"; };
		3F996C7E29F1525400B7BFE2 /* BoardTile.swift */ = {isa = PBXFileReference; lastKnownFileType = sourcecode.swift; path = BoardTile.swift; sourceTree = "<group>"; };
		3F996C8029F154BF00B7BFE2 /* Room.swift */ = {isa = PBXFileReference; lastKnownFileType = sourcecode.swift; path = Room.swift; sourceTree = "<group>"; };
		3F996C8229F1580E00B7BFE2 /* LogicProperties.swift */ = {isa = PBXFileReference; lastKnownFileType = sourcecode.swift; path = LogicProperties.swift; sourceTree = "<group>"; };
		D317C018DFDDB296EF5B6420 /* Player.swift */ = {isa = PBXFileReference; fileEncoding = 4; lastKnownFileType = sourcecode.swift; path = Player.swift; sourceTree = "<group>"; };
		D317C048D4E8765C428C38FB /* ViewController.swift */ = {isa = PBXFileReference; fileEncoding = 4; lastKnownFileType = sourcecode.swift; path = ViewController.swift; sourceTree = "<group>"; };
		D317C1EFE91BAB35C62198F7 /* Board.swift */ = {isa = PBXFileReference; fileEncoding = 4; lastKnownFileType = sourcecode.swift; path = Board.swift; sourceTree = "<group>"; };
		D317C5BCAE72D820973EF23A /* UIView_Pin.swift */ = {isa = PBXFileReference; fileEncoding = 4; lastKnownFileType = sourcecode.swift; path = UIView_Pin.swift; sourceTree = "<group>"; };
		D317CA704F3E858E9ED13F2E /* Direction.swift */ = {isa = PBXFileReference; fileEncoding = 4; lastKnownFileType = sourcecode.swift; path = Direction.swift; sourceTree = "<group>"; };
		D317CD69557AC2459ED5350D /* Interactions.swift */ = {isa = PBXFileReference; fileEncoding = 4; lastKnownFileType = sourcecode.swift; path = Interactions.swift; sourceTree = "<group>"; };
		D317CE551F0FE2E36045CEB8 /* Coordinate.swift */ = {isa = PBXFileReference; fileEncoding = 4; lastKnownFileType = sourcecode.swift; path = Coordinate.swift; sourceTree = "<group>"; };
/* End PBXFileReference section */

/* Begin PBXFrameworksBuildPhase section */
		3F79826F2969BA7C00AF6702 /* Frameworks */ = {
			isa = PBXFrameworksBuildPhase;
			buildActionMask = 2147483647;
			files = (
			);
			runOnlyForDeploymentPostprocessing = 0;
		};
/* End PBXFrameworksBuildPhase section */

/* Begin PBXGroup section */
		3F7982692969BA7C00AF6702 = {
			isa = PBXGroup;
			children = (
				3F7982742969BA7C00AF6702 /* Project */,
				3F7982732969BA7C00AF6702 /* Products */,
			);
			sourceTree = "<group>";
		};
		3F7982732969BA7C00AF6702 /* Products */ = {
			isa = PBXGroup;
			children = (
				3F7982722969BA7C00AF6702 /* Project.app */,
			);
			name = Products;
			sourceTree = "<group>";
		};
		3F7982742969BA7C00AF6702 /* Project */ = {
			isa = PBXGroup;
			children = (
				3F7982752969BA7C00AF6702 /* AppDelegate.swift */,
				3F7982772969BA7C00AF6702 /* SceneDelegate.swift */,
				3F7982812969BA7D00AF6702 /* Assets.xcassets */,
				3F7982862969BA7D00AF6702 /* Info.plist */,
				3F79827E2969BA7C00AF6702 /* Project.xcdatamodeld */,
				3F996C7729F14A2E00B7BFE2 /* Protocols */,
				3F996C7029F1486600B7BFE2 /* SimpleTypes */,
				3F996C6729F147C300B7BFE2 /* Views */,
				D317CDFD60B51594F2371A50 /* Libraries */,
				D317C374B1EC3C869F9283B5 /* InGameObjects */,
				D317C94BC86F6DB3E96BAB66 /* ViewControllers */,
			);
			path = Project;
			sourceTree = "<group>";
		};
		3F996C6729F147C300B7BFE2 /* Views */ = {
			isa = PBXGroup;
			children = (
				3F996C6829F147DA00B7BFE2 /* UIView.swift */,
				3F996C6A29F147EE00B7BFE2 /* PictureView.swift */,
				3F996C6C29F147FE00B7BFE2 /* MapView.swift */,
			);
			path = Views;
			sourceTree = "<group>";
		};
		3F996C7029F1486600B7BFE2 /* SimpleTypes */ = {
			isa = PBXGroup;
			children = (
				3F996C8029F154BF00B7BFE2 /* Room.swift */,
				3F996C7E29F1525400B7BFE2 /* BoardTile.swift */,
				D317CE551F0FE2E36045CEB8 /* Coordinate.swift */,
				D317CA704F3E858E9ED13F2E /* Direction.swift */,
				D317CD69557AC2459ED5350D /* Interactions.swift */,
				3F996C7529F148E000B7BFE2 /* Action.swift */,
				3F996C7C29F14D7700B7BFE2 /* ActionLocation.swift */,
				3F996C8229F1580E00B7BFE2 /* LogicProperties.swift */,
			);
			path = SimpleTypes;
			sourceTree = "<group>";
		};
		3F996C7729F14A2E00B7BFE2 /* Protocols */ = {
			isa = PBXGroup;
			children = (
				3F996C7A29F14A5000B7BFE2 /* TileObserver.swift */,
			);
			path = Protocols;
			sourceTree = "<group>";
		};
		D317C374B1EC3C869F9283B5 /* InGameObjects */ = {
			isa = PBXGroup;
			children = (
				D317C1EFE91BAB35C62198F7 /* Board.swift */,
				D317C018DFDDB296EF5B6420 /* Player.swift */,
				3F996C6E29F1484E00B7BFE2 /* GameLogics.swift */,
				3F996C7129F148A100B7BFE2 /* Level.swift */,
			);
			path = InGameObjects;
			sourceTree = "<group>";
		};
		D317C94BC86F6DB3E96BAB66 /* ViewControllers */ = {
			isa = PBXGroup;
			children = (
				D317C048D4E8765C428C38FB /* ViewController.swift */,
			);
			path = ViewControllers;
			sourceTree = "<group>";
		};
		D317CDFD60B51594F2371A50 /* Libraries */ = {
			isa = PBXGroup;
			children = (
				D317C5BCAE72D820973EF23A /* UIView_Pin.swift */,
			);
			path = Libraries;
			sourceTree = "<group>";
		};
/* End PBXGroup section */

/* Begin PBXNativeTarget section */
		3F7982712969BA7C00AF6702 /* Project */ = {
			isa = PBXNativeTarget;
			buildConfigurationList = 3F7982892969BA7D00AF6702 /* Build configuration list for PBXNativeTarget "Project" */;
			buildPhases = (
				3F79826E2969BA7C00AF6702 /* Sources */,
				3F79826F2969BA7C00AF6702 /* Frameworks */,
				3F7982702969BA7C00AF6702 /* Resources */,
			);
			buildRules = (
			);
			dependencies = (
			);
			name = Project;
			productName = Project;
			productReference = 3F7982722969BA7C00AF6702 /* Project.app */;
			productType = "com.apple.product-type.application";
		};
/* End PBXNativeTarget section */

/* Begin PBXProject section */
		3F79826A2969BA7C00AF6702 /* Project object */ = {
			isa = PBXProject;
			attributes = {
				BuildIndependentTargetsInParallel = 1;
				LastSwiftUpdateCheck = 1420;
				LastUpgradeCheck = 1420;
				TargetAttributes = {
					3F7982712969BA7C00AF6702 = {
						CreatedOnToolsVersion = 14.2;
					};
				};
			};
			buildConfigurationList = 3F79826D2969BA7C00AF6702 /* Build configuration list for PBXProject "Project" */;
			compatibilityVersion = "Xcode 14.0";
			developmentRegion = en;
			hasScannedForEncodings = 0;
			knownRegions = (
				en,
				Base,
			);
			mainGroup = 3F7982692969BA7C00AF6702;
			productRefGroup = 3F7982732969BA7C00AF6702 /* Products */;
			projectDirPath = "";
			projectRoot = "";
			targets = (
				3F7982712969BA7C00AF6702 /* Project */,
			);
		};
/* End PBXProject section */

/* Begin PBXResourcesBuildPhase section */
		3F7982702969BA7C00AF6702 /* Resources */ = {
			isa = PBXResourcesBuildPhase;
			buildActionMask = 2147483647;
			files = (
				3F7982822969BA7D00AF6702 /* Assets.xcassets in Resources */,
			);
			runOnlyForDeploymentPostprocessing = 0;
		};
/* End PBXResourcesBuildPhase section */

/* Begin PBXSourcesBuildPhase section */
		3F79826E2969BA7C00AF6702 /* Sources */ = {
			isa = PBXSourcesBuildPhase;
			buildActionMask = 2147483647;
			files = (
				3F996C6F29F1484E00B7BFE2 /* GameLogics.swift in Sources */,
				3F7982762969BA7C00AF6702 /* AppDelegate.swift in Sources */,
				3F996C8329F1580E00B7BFE2 /* LogicProperties.swift in Sources */,
				3F7982782969BA7C00AF6702 /* SceneDelegate.swift in Sources */,
				3F996C7229F148A100B7BFE2 /* Level.swift in Sources */,
				3F996C6929F147DA00B7BFE2 /* UIView.swift in Sources */,
				3F996C7629F148E000B7BFE2 /* Action.swift in Sources */,
				3F996C6B29F147EE00B7BFE2 /* PictureView.swift in Sources */,
				3F996C7F29F1525400B7BFE2 /* BoardTile.swift in Sources */,
				3F996C6D29F147FE00B7BFE2 /* MapView.swift in Sources */,
				3F7982802969BA7C00AF6702 /* Project.xcdatamodeld in Sources */,
				D317C0E264A6FCF9D73A8746 /* UIView_Pin.swift in Sources */,
				3F996C7B29F14A5000B7BFE2 /* TileObserver.swift in Sources */,
				D317C31483BB4A3B9CA12821 /* Board.swift in Sources */,
				D317CBF2683F2D2DB521D970 /* Coordinate.swift in Sources */,
				3F996C8129F154BF00B7BFE2 /* Room.swift in Sources */,
				D317CFA2493B9DE54322688C /* Direction.swift in Sources */,
				D317C57D1F96F51200B66D97 /* Interactions.swift in Sources */,
				D317CE373725AD0811E5D779 /* ViewController.swift in Sources */,
				3F996C7D29F14D7700B7BFE2 /* ActionLocation.swift in Sources */,
				D317C079A7B08B69D4589732 /* Player.swift in Sources */,
			);
			runOnlyForDeploymentPostprocessing = 0;
		};
/* End PBXSourcesBuildPhase section */

/* Begin XCBuildConfiguration section */
		3F7982872969BA7D00AF6702 /* Debug */ = {
			isa = XCBuildConfiguration;
			buildSettings = {
				ALWAYS_SEARCH_USER_PATHS = NO;
				CLANG_ANALYZER_NONNULL = YES;
				CLANG_ANALYZER_NUMBER_OBJECT_CONVERSION = YES_AGGRESSIVE;
				CLANG_CXX_LANGUAGE_STANDARD = "gnu++20";
				CLANG_ENABLE_MODULES = YES;
				CLANG_ENABLE_OBJC_ARC = YES;
				CLANG_ENABLE_OBJC_WEAK = YES;
				CLANG_WARN_BLOCK_CAPTURE_AUTORELEASING = YES;
				CLANG_WARN_BOOL_CONVERSION = YES;
				CLANG_WARN_COMMA = YES;
				CLANG_WARN_CONSTANT_CONVERSION = YES;
				CLANG_WARN_DEPRECATED_OBJC_IMPLEMENTATIONS = YES;
				CLANG_WARN_DIRECT_OBJC_ISA_USAGE = YES_ERROR;
				CLANG_WARN_DOCUMENTATION_COMMENTS = YES;
				CLANG_WARN_EMPTY_BODY = YES;
				CLANG_WARN_ENUM_CONVERSION = YES;
				CLANG_WARN_INFINITE_RECURSION = YES;
				CLANG_WARN_INT_CONVERSION = YES;
				CLANG_WARN_NON_LITERAL_NULL_CONVERSION = YES;
				CLANG_WARN_OBJC_IMPLICIT_RETAIN_SELF = YES;
				CLANG_WARN_OBJC_LITERAL_CONVERSION = YES;
				CLANG_WARN_OBJC_ROOT_CLASS = YES_ERROR;
				CLANG_WARN_QUOTED_INCLUDE_IN_FRAMEWORK_HEADER = YES;
				CLANG_WARN_RANGE_LOOP_ANALYSIS = YES;
				CLANG_WARN_STRICT_PROTOTYPES = YES;
				CLANG_WARN_SUSPICIOUS_MOVE = YES;
				CLANG_WARN_UNGUARDED_AVAILABILITY = YES_AGGRESSIVE;
				CLANG_WARN_UNREACHABLE_CODE = YES;
				CLANG_WARN__DUPLICATE_METHOD_MATCH = YES;
				COPY_PHASE_STRIP = NO;
				DEBUG_INFORMATION_FORMAT = dwarf;
				ENABLE_STRICT_OBJC_MSGSEND = YES;
				ENABLE_TESTABILITY = YES;
				GCC_C_LANGUAGE_STANDARD = gnu11;
				GCC_DYNAMIC_NO_PIC = NO;
				GCC_NO_COMMON_BLOCKS = YES;
				GCC_OPTIMIZATION_LEVEL = 0;
				GCC_PREPROCESSOR_DEFINITIONS = (
					"DEBUG=1",
					"$(inherited)",
				);
				GCC_WARN_64_TO_32_BIT_CONVERSION = YES;
				GCC_WARN_ABOUT_RETURN_TYPE = YES_ERROR;
				GCC_WARN_UNDECLARED_SELECTOR = YES;
				GCC_WARN_UNINITIALIZED_AUTOS = YES_AGGRESSIVE;
				GCC_WARN_UNUSED_FUNCTION = YES;
				GCC_WARN_UNUSED_VARIABLE = YES;
				IPHONEOS_DEPLOYMENT_TARGET = 16.2;
				MTL_ENABLE_DEBUG_INFO = INCLUDE_SOURCE;
				MTL_FAST_MATH = YES;
				ONLY_ACTIVE_ARCH = YES;
				SDKROOT = iphoneos;
				SWIFT_ACTIVE_COMPILATION_CONDITIONS = DEBUG;
				SWIFT_OPTIMIZATION_LEVEL = "-Onone";
			};
			name = Debug;
		};
		3F7982882969BA7D00AF6702 /* Release */ = {
			isa = XCBuildConfiguration;
			buildSettings = {
				ALWAYS_SEARCH_USER_PATHS = NO;
				CLANG_ANALYZER_NONNULL = YES;
				CLANG_ANALYZER_NUMBER_OBJECT_CONVERSION = YES_AGGRESSIVE;
				CLANG_CXX_LANGUAGE_STANDARD = "gnu++20";
				CLANG_ENABLE_MODULES = YES;
				CLANG_ENABLE_OBJC_ARC = YES;
				CLANG_ENABLE_OBJC_WEAK = YES;
				CLANG_WARN_BLOCK_CAPTURE_AUTORELEASING = YES;
				CLANG_WARN_BOOL_CONVERSION = YES;
				CLANG_WARN_COMMA = YES;
				CLANG_WARN_CONSTANT_CONVERSION = YES;
				CLANG_WARN_DEPRECATED_OBJC_IMPLEMENTATIONS = YES;
				CLANG_WARN_DIRECT_OBJC_ISA_USAGE = YES_ERROR;
				CLANG_WARN_DOCUMENTATION_COMMENTS = YES;
				CLANG_WARN_EMPTY_BODY = YES;
				CLANG_WARN_ENUM_CONVERSION = YES;
				CLANG_WARN_INFINITE_RECURSION = YES;
				CLANG_WARN_INT_CONVERSION = YES;
				CLANG_WARN_NON_LITERAL_NULL_CONVERSION = YES;
				CLANG_WARN_OBJC_IMPLICIT_RETAIN_SELF = YES;
				CLANG_WARN_OBJC_LITERAL_CONVERSION = YES;
				CLANG_WARN_OBJC_ROOT_CLASS = YES_ERROR;
				CLANG_WARN_QUOTED_INCLUDE_IN_FRAMEWORK_HEADER = YES;
				CLANG_WARN_RANGE_LOOP_ANALYSIS = YES;
				CLANG_WARN_STRICT_PROTOTYPES = YES;
				CLANG_WARN_SUSPICIOUS_MOVE = YES;
				CLANG_WARN_UNGUARDED_AVAILABILITY = YES_AGGRESSIVE;
				CLANG_WARN_UNREACHABLE_CODE = YES;
				CLANG_WARN__DUPLICATE_METHOD_MATCH = YES;
				COPY_PHASE_STRIP = NO;
				DEBUG_INFORMATION_FORMAT = "dwarf-with-dsym";
				ENABLE_NS_ASSERTIONS = NO;
				ENABLE_STRICT_OBJC_MSGSEND = YES;
				GCC_C_LANGUAGE_STANDARD = gnu11;
				GCC_NO_COMMON_BLOCKS = YES;
				GCC_WARN_64_TO_32_BIT_CONVERSION = YES;
				GCC_WARN_ABOUT_RETURN_TYPE = YES_ERROR;
				GCC_WARN_UNDECLARED_SELECTOR = YES;
				GCC_WARN_UNINITIALIZED_AUTOS = YES_AGGRESSIVE;
				GCC_WARN_UNUSED_FUNCTION = YES;
				GCC_WARN_UNUSED_VARIABLE = YES;
				IPHONEOS_DEPLOYMENT_TARGET = 16.2;
				MTL_ENABLE_DEBUG_INFO = NO;
				MTL_FAST_MATH = YES;
				SDKROOT = iphoneos;
				SWIFT_COMPILATION_MODE = wholemodule;
				SWIFT_OPTIMIZATION_LEVEL = "-O";
				VALIDATE_PRODUCT = YES;
			};
			name = Release;
		};
		3F79828A2969BA7D00AF6702 /* Debug */ = {
			isa = XCBuildConfiguration;
			buildSettings = {
				ASSETCATALOG_COMPILER_APPICON_NAME = AppIcon;
				ASSETCATALOG_COMPILER_GLOBAL_ACCENT_COLOR_NAME = AccentColor;
				CODE_SIGN_STYLE = Automatic;
				CURRENT_PROJECT_VERSION = 1;
				DEVELOPMENT_TEAM = L3S5H274HV;
				GENERATE_INFOPLIST_FILE = YES;
				INFOPLIST_FILE = Project/Info.plist;
				INFOPLIST_KEY_UIApplicationSupportsIndirectInputEvents = YES;
				INFOPLIST_KEY_UILaunchStoryboardName = LaunchScreen;
				INFOPLIST_KEY_UISupportedInterfaceOrientations_iPad = "UIInterfaceOrientationPortrait UIInterfaceOrientationPortraitUpsideDown UIInterfaceOrientationLandscapeLeft UIInterfaceOrientationLandscapeRight";
				INFOPLIST_KEY_UISupportedInterfaceOrientations_iPhone = "UIInterfaceOrientationPortrait UIInterfaceOrientationLandscapeLeft UIInterfaceOrientationLandscapeRight";
				LD_RUNPATH_SEARCH_PATHS = (
					"$(inherited)",
					"@executable_path/Frameworks",
				);
				MARKETING_VERSION = 1.0;
				PRODUCT_BUNDLE_IDENTIFIER = me.Project;
				PRODUCT_NAME = "$(TARGET_NAME)";
				SWIFT_EMIT_LOC_STRINGS = YES;
				SWIFT_VERSION = 5.0;
				TARGETED_DEVICE_FAMILY = "1,2";
			};
			name = Debug;
		};
		3F79828B2969BA7D00AF6702 /* Release */ = {
			isa = XCBuildConfiguration;
			buildSettings = {
				ASSETCATALOG_COMPILER_APPICON_NAME = AppIcon;
				ASSETCATALOG_COMPILER_GLOBAL_ACCENT_COLOR_NAME = AccentColor;
				CODE_SIGN_STYLE = Automatic;
				CURRENT_PROJECT_VERSION = 1;
				DEVELOPMENT_TEAM = L3S5H274HV;
				GENERATE_INFOPLIST_FILE = YES;
				INFOPLIST_FILE = Project/Info.plist;
				INFOPLIST_KEY_UIApplicationSupportsIndirectInputEvents = YES;
				INFOPLIST_KEY_UILaunchStoryboardName = LaunchScreen;
				INFOPLIST_KEY_UISupportedInterfaceOrientations_iPad = "UIInterfaceOrientationPortrait UIInterfaceOrientationPortraitUpsideDown UIInterfaceOrientationLandscapeLeft UIInterfaceOrientationLandscapeRight";
				INFOPLIST_KEY_UISupportedInterfaceOrientations_iPhone = "UIInterfaceOrientationPortrait UIInterfaceOrientationLandscapeLeft UIInterfaceOrientationLandscapeRight";
				LD_RUNPATH_SEARCH_PATHS = (
					"$(inherited)",
					"@executable_path/Frameworks",
				);
				MARKETING_VERSION = 1.0;
				PRODUCT_BUNDLE_IDENTIFIER = me.Project;
				PRODUCT_NAME = "$(TARGET_NAME)";
				SWIFT_EMIT_LOC_STRINGS = YES;
				SWIFT_VERSION = 5.0;
				TARGETED_DEVICE_FAMILY = "1,2";
			};
			name = Release;
		};
/* End XCBuildConfiguration section */

/* Begin XCConfigurationList section */
		3F79826D2969BA7C00AF6702 /* Build configuration list for PBXProject "Project" */ = {
			isa = XCConfigurationList;
			buildConfigurations = (
				3F7982872969BA7D00AF6702 /* Debug */,
				3F7982882969BA7D00AF6702 /* Release */,
			);
			defaultConfigurationIsVisible = 0;
			defaultConfigurationName = Release;
		};
		3F7982892969BA7D00AF6702 /* Build configuration list for PBXNativeTarget "Project" */ = {
			isa = XCConfigurationList;
			buildConfigurations = (
				3F79828A2969BA7D00AF6702 /* Debug */,
				3F79828B2969BA7D00AF6702 /* Release */,
			);
			defaultConfigurationIsVisible = 0;
			defaultConfigurationName = Release;
		};
/* End XCConfigurationList section */

/* Begin XCVersionGroup section */
		3F79827E2969BA7C00AF6702 /* Project.xcdatamodeld */ = {
			isa = XCVersionGroup;
			children = (
				3F79827F2969BA7C00AF6702 /* Project.xcdatamodel */,
			);
			currentVersion = 3F79827F2969BA7C00AF6702 /* Project.xcdatamodel */;
			path = Project.xcdatamodeld;
			sourceTree = "<group>";
			versionGroupType = wrapper.xcdatamodel;
		};
/* End XCVersionGroup section */
	};
	rootObject = 3F79826A2969BA7C00AF6702 /* Project object */;
}
